
Microsoft Visual Studio Solution File, Format Version 12.00
# Visual Studio Version 16
VisualStudioVersion = 16.0.31019.35
MinimumVisualStudioVersion = 10.0.40219.1
Project("{FAE04EC0-301F-11D3-BF4B-00C04F79EFBC}") = "dioSeries", "dioSeries\dioSeries.csproj", "{5C1ADDAF-7D3E-465B-930F-EC2EAA0AF7F7}"
EndProject
Global
	GlobalSection(SolutionConfigurationPlatforms) = preSolution
		Debug|Any CPU = Debug|Any CPU
		Release|Any CPU = Release|Any CPU
	EndGlobalSection
	GlobalSection(ProjectConfigurationPlatforms) = postSolution
		{5C1ADDAF-7D3E-465B-930F-EC2EAA0AF7F7}.Debug|Any CPU.ActiveCfg = Debug|Any CPU
		{5C1ADDAF-7D3E-465B-930F-EC2EAA0AF7F7}.Debug|Any CPU.Build.0 = Debug|Any CPU
		{5C1ADDAF-7D3E-465B-930F-EC2EAA0AF7F7}.Release|Any CPU.ActiveCfg = Release|Any CPU
		{5C1ADDAF-7D3E-465B-930F-EC2EAA0AF7F7}.Release|Any CPU.Build.0 = Release|Any CPU
	EndGlobalSection
	GlobalSection(SolutionProperties) = preSolution
		HideSolutionNode = FALSE
	EndGlobalSection
	GlobalSection(ExtensibilityGlobals) = postSolution
		SolutionGuid = {DACA46C2-DA78-40B9-A8DC-985FFED90637}
	EndGlobalSection
EndGlobal
